
Microsoft Visual Studio Solution File, Format Version 12.00
# Visual Studio Version 16
VisualStudioVersion = 16.0.29318.209
MinimumVisualStudioVersion = 10.0.40219.1
Project("{FAE04EC0-301F-11D3-BF4B-00C04F79EFBC}") = "WindowsForms", "WindowsForms\WindowsForms.csproj", "{B1A66BDD-F832-44FF-B069-A9670EDB163C}"
EndProject
Project("{FAE04EC0-301F-11D3-BF4B-00C04F79EFBC}") = "EditorImage", "ClassLibraryWorkImage\EditorImage.csproj", "{2F3BC4C0-C0E1-4463-9189-F6B28D8CA28B}"
EndProject
Global
	GlobalSection(SolutionConfigurationPlatforms) = preSolution
		Debug|Any CPU = Debug|Any CPU
		Release|Any CPU = Release|Any CPU
	EndGlobalSection
	GlobalSection(ProjectConfigurationPlatforms) = postSolution
		{B1A66BDD-F832-44FF-B069-A9670EDB163C}.Debug|Any CPU.ActiveCfg = Debug|Any CPU
		{B1A66BDD-F832-44FF-B069-A9670EDB163C}.Debug|Any CPU.Build.0 = Debug|Any CPU
		{B1A66BDD-F832-44FF-B069-A9670EDB163C}.Release|Any CPU.ActiveCfg = Release|Any CPU
		{B1A66BDD-F832-44FF-B069-A9670EDB163C}.Release|Any CPU.Build.0 = Release|Any CPU
		{2F3BC4C0-C0E1-4463-9189-F6B28D8CA28B}.Debug|Any CPU.ActiveCfg = Debug|Any CPU
		{2F3BC4C0-C0E1-4463-9189-F6B28D8CA28B}.Debug|Any CPU.Build.0 = Debug|Any CPU
		{2F3BC4C0-C0E1-4463-9189-F6B28D8CA28B}.Release|Any CPU.ActiveCfg = Release|Any CPU
		{2F3BC4C0-C0E1-4463-9189-F6B28D8CA28B}.Release|Any CPU.Build.0 = Release|Any CPU
	EndGlobalSection
	GlobalSection(SolutionProperties) = preSolution
		HideSolutionNode = FALSE
	EndGlobalSection
	GlobalSection(ExtensibilityGlobals) = postSolution
		SolutionGuid = {52C95034-ACE9-4388-AF2F-E408D238D32C}
	EndGlobalSection
EndGlobal
